
Microsoft Visual Studio Solution File, Format Version 12.00
# Visual Studio 2013
VisualStudioVersion = 12.0.30501.0
MinimumVisualStudioVersion = 10.0.40219.1
Project("{FAE04EC0-301F-11D3-BF4B-00C04F79EFBC}") = "Kitware.VTK", "Kitware.VTK\Kitware.VTK.csproj", "{2CBF84A4-7301-4915-881F-5921AF4BB328}"
EndProject
Project("{FAE04EC0-301F-11D3-BF4B-00C04F79EFBC}") = "Kitware.mummy.Runtime", "Kitware.mummy.Runtime\Kitware.mummy.Runtime.csproj", "{3DD36B25-40DF-4A5A-A174-BA0063271D95}"
EndProject
Project("{2150E333-8FDC-42A3-9474-1A3956D46DE8}") = "Examples", "Examples", "{C7A15D05-48EB-415B-BB87-4982B75CCE4E}"
EndProject
Project("{FAE04EC0-301F-11D3-BF4B-00C04F79EFBC}") = "BoxWidget", "Examples\BoxWidget\BoxWidget.csproj", "{6110C82D-82A9-4703-A28A-862F73B22384}"
EndProject
Project("{FAE04EC0-301F-11D3-BF4B-00C04F79EFBC}") = "CubeAxes", "Examples\CubeAxes\CubeAxes.csproj", "{7DA1B5F7-02E3-4A6E-85BF-2EC2E911162A}"
EndProject
Project("{FAE04EC0-301F-11D3-BF4B-00C04F79EFBC}") = "Decimate", "Examples\Decimate\Decimate.csproj", "{C946FF73-93AC-4546-9AE9-5FEB0C446BFF}"
EndProject
Project("{FAE04EC0-301F-11D3-BF4B-00C04F79EFBC}") = "DelMesh", "Examples\DelMesh\DelMesh.csproj", "{39173C65-525A-4812-BA8F-24DE9085F2CE}"
EndProject
Project("{FAE04EC0-301F-11D3-BF4B-00C04F79EFBC}") = "Dialog", "Examples\Dialog\Dialog.csproj", "{9EA6E9D8-FE4C-4FBE-A88E-BC6304CC7294}"
EndProject
Project("{FAE04EC0-301F-11D3-BF4B-00C04F79EFBC}") = "FileTree", "Examples\FileTree\FileTree\FileTree.csproj", "{4821EE04-7FAD-420E-AFD8-ED32CA7AD174}"
EndProject
Project("{FAE04EC0-301F-11D3-BF4B-00C04F79EFBC}") = "Streamline", "Examples\Streamline\Streamline.csproj", "{55022DC0-92D6-450F-8A2E-37ECC81A36F0}"
EndProject
Project("{FAE04EC0-301F-11D3-BF4B-00C04F79EFBC}") = "SpherePuzzle", "Examples\SpherePuzzle\SpherePuzzle.csproj", "{7A80E87A-02A9-43A5-9F19-25168A33362C}"
EndProject
Project("{FAE04EC0-301F-11D3-BF4B-00C04F79EFBC}") = "HelloVTKConsole", "Examples\HelloVTKConsole\HelloVTKConsole.csproj", "{2CF2F64A-0B3E-4A7D-9D22-6DBB652067AF}"
EndProject
Global
	GlobalSection(SolutionConfigurationPlatforms) = preSolution
		Debug|Any CPU = Debug|Any CPU
		Debug|Mixed Platforms = Debug|Mixed Platforms
		Debug|x64 = Debug|x64
		Release|Any CPU = Release|Any CPU
		Release|Mixed Platforms = Release|Mixed Platforms
		Release|x64 = Release|x64
	EndGlobalSection
	GlobalSection(ProjectConfigurationPlatforms) = postSolution
		{2CBF84A4-7301-4915-881F-5921AF4BB328}.Debug|Any CPU.ActiveCfg = Debug|x64
		{2CBF84A4-7301-4915-881F-5921AF4BB328}.Debug|Mixed Platforms.ActiveCfg = Debug|x64
		{2CBF84A4-7301-4915-881F-5921AF4BB328}.Debug|Mixed Platforms.Build.0 = Debug|x64
		{2CBF84A4-7301-4915-881F-5921AF4BB328}.Debug|x64.ActiveCfg = Debug|x64
		{2CBF84A4-7301-4915-881F-5921AF4BB328}.Debug|x64.Build.0 = Debug|x64
		{2CBF84A4-7301-4915-881F-5921AF4BB328}.Release|Any CPU.ActiveCfg = Release|x64
		{2CBF84A4-7301-4915-881F-5921AF4BB328}.Release|Mixed Platforms.ActiveCfg = Release|x64
		{2CBF84A4-7301-4915-881F-5921AF4BB328}.Release|Mixed Platforms.Build.0 = Release|x64
		{2CBF84A4-7301-4915-881F-5921AF4BB328}.Release|x64.ActiveCfg = Release|x64
		{2CBF84A4-7301-4915-881F-5921AF4BB328}.Release|x64.Build.0 = Release|x64
		{3DD36B25-40DF-4A5A-A174-BA0063271D95}.Debug|Any CPU.ActiveCfg = Debug|x64
		{3DD36B25-40DF-4A5A-A174-BA0063271D95}.Debug|Mixed Platforms.ActiveCfg = Debug|x64
		{3DD36B25-40DF-4A5A-A174-BA0063271D95}.Debug|Mixed Platforms.Build.0 = Debug|x64
		{3DD36B25-40DF-4A5A-A174-BA0063271D95}.Debug|x64.ActiveCfg = Debug|x64
		{3DD36B25-40DF-4A5A-A174-BA0063271D95}.Debug|x64.Build.0 = Debug|x64
		{3DD36B25-40DF-4A5A-A174-BA0063271D95}.Release|Any CPU.ActiveCfg = Release|x64
		{3DD36B25-40DF-4A5A-A174-BA0063271D95}.Release|Mixed Platforms.ActiveCfg = Release|x64
		{3DD36B25-40DF-4A5A-A174-BA0063271D95}.Release|Mixed Platforms.Build.0 = Release|x64
		{3DD36B25-40DF-4A5A-A174-BA0063271D95}.Release|x64.ActiveCfg = Release|x64
		{3DD36B25-40DF-4A5A-A174-BA0063271D95}.Release|x64.Build.0 = Release|x64
		{6110C82D-82A9-4703-A28A-862F73B22384}.Debug|Any CPU.ActiveCfg = Debug|Any CPU
		{6110C82D-82A9-4703-A28A-862F73B22384}.Debug|Any CPU.Build.0 = Debug|Any CPU
		{6110C82D-82A9-4703-A28A-862F73B22384}.Debug|Mixed Platforms.ActiveCfg = Debug|Any CPU
		{6110C82D-82A9-4703-A28A-862F73B22384}.Debug|Mixed Platforms.Build.0 = Debug|Any CPU
		{6110C82D-82A9-4703-A28A-862F73B22384}.Debug|x64.ActiveCfg = Debug|Any CPU
		{6110C82D-82A9-4703-A28A-862F73B22384}.Release|Any CPU.ActiveCfg = Release|Any CPU
		{6110C82D-82A9-4703-A28A-862F73B22384}.Release|Any CPU.Build.0 = Release|Any CPU
		{6110C82D-82A9-4703-A28A-862F73B22384}.Release|Mixed Platforms.ActiveCfg = Release|Any CPU
		{6110C82D-82A9-4703-A28A-862F73B22384}.Release|Mixed Platforms.Build.0 = Release|Any CPU
		{6110C82D-82A9-4703-A28A-862F73B22384}.Release|x64.ActiveCfg = Release|Any CPU
		{7DA1B5F7-02E3-4A6E-85BF-2EC2E911162A}.Debug|Any CPU.ActiveCfg = Debug|Any CPU
		{7DA1B5F7-02E3-4A6E-85BF-2EC2E911162A}.Debug|Any CPU.Build.0 = Debug|Any CPU
		{7DA1B5F7-02E3-4A6E-85BF-2EC2E911162A}.Debug|Mixed Platforms.ActiveCfg = Debug|Any CPU
		{7DA1B5F7-02E3-4A6E-85BF-2EC2E911162A}.Debug|Mixed Platforms.Build.0 = Debug|Any CPU
		{7DA1B5F7-02E3-4A6E-85BF-2EC2E911162A}.Debug|x64.ActiveCfg = Debug|Any CPU
		{7DA1B5F7-02E3-4A6E-85BF-2EC2E911162A}.Release|Any CPU.ActiveCfg = Release|Any CPU
		{7DA1B5F7-02E3-4A6E-85BF-2EC2E911162A}.Release|Any CPU.Build.0 = Release|Any CPU
		{7DA1B5F7-02E3-4A6E-85BF-2EC2E911162A}.Release|Mixed Platforms.ActiveCfg = Release|Any CPU
		{7DA1B5F7-02E3-4A6E-85BF-2EC2E911162A}.Release|Mixed Platforms.Build.0 = Release|Any CPU
		{7DA1B5F7-02E3-4A6E-85BF-2EC2E911162A}.Release|x64.ActiveCfg = Release|Any CPU
		{C946FF73-93AC-4546-9AE9-5FEB0C446BFF}.Debug|Any CPU.ActiveCfg = Debug|Any CPU
		{C946FF73-93AC-4546-9AE9-5FEB0C446BFF}.Debug|Any CPU.Build.0 = Debug|Any CPU
		{C946FF73-93AC-4546-9AE9-5FEB0C446BFF}.Debug|Mixed Platforms.ActiveCfg = Debug|Any CPU
		{C946FF73-93AC-4546-9AE9-5FEB0C446BFF}.Debug|Mixed Platforms.Build.0 = Debug|Any CPU
		{C946FF73-93AC-4546-9AE9-5FEB0C446BFF}.Debug|x64.ActiveCfg = Debug|Any CPU
		{C946FF73-93AC-4546-9AE9-5FEB0C446BFF}.Release|Any CPU.ActiveCfg = Release|Any CPU
		{C946FF73-93AC-4546-9AE9-5FEB0C446BFF}.Release|Any CPU.Build.0 = Release|Any CPU
		{C946FF73-93AC-4546-9AE9-5FEB0C446BFF}.Release|Mixed Platforms.ActiveCfg = Release|Any CPU
		{C946FF73-93AC-4546-9AE9-5FEB0C446BFF}.Release|Mixed Platforms.Build.0 = Release|Any CPU
		{C946FF73-93AC-4546-9AE9-5FEB0C446BFF}.Release|x64.ActiveCfg = Release|Any CPU
		{39173C65-525A-4812-BA8F-24DE9085F2CE}.Debug|Any CPU.ActiveCfg = Debug|Any CPU
		{39173C65-525A-4812-BA8F-24DE9085F2CE}.Debug|Any CPU.Build.0 = Debug|Any CPU
		{39173C65-525A-4812-BA8F-24DE9085F2CE}.Debug|Mixed Platforms.ActiveCfg = Debug|Any CPU
		{39173C65-525A-4812-BA8F-24DE9085F2CE}.Debug|Mixed Platforms.Build.0 = Debug|Any CPU
		{39173C65-525A-4812-BA8F-24DE9085F2CE}.Debug|x64.ActiveCfg = Debug|Any CPU
		{39173C65-525A-4812-BA8F-24DE9085F2CE}.Release|Any CPU.ActiveCfg = Release|Any CPU
		{39173C65-525A-4812-BA8F-24DE9085F2CE}.Release|Any CPU.Build.0 = Release|Any CPU
		{39173C65-525A-4812-BA8F-24DE9085F2CE}.Release|Mixed Platforms.ActiveCfg = Release|Any CPU
		{39173C65-525A-4812-BA8F-24DE9085F2CE}.Release|Mixed Platforms.Build.0 = Release|Any CPU
		{39173C65-525A-4812-BA8F-24DE9085F2CE}.Release|x64.ActiveCfg = Release|Any CPU
		{9EA6E9D8-FE4C-4FBE-A88E-BC6304CC7294}.Debug|Any CPU.ActiveCfg = Debug|Any CPU
		{9EA6E9D8-FE4C-4FBE-A88E-BC6304CC7294}.Debug|Any CPU.Build.0 = Debug|Any CPU
		{9EA6E9D8-FE4C-4FBE-A88E-BC6304CC7294}.Debug|Mixed Platforms.ActiveCfg = Debug|Any CPU
		{9EA6E9D8-FE4C-4FBE-A88E-BC6304CC7294}.Debug|Mixed Platforms.Build.0 = Debug|Any CPU
		{9EA6E9D8-FE4C-4FBE-A88E-BC6304CC7294}.Debug|x64.ActiveCfg = Debug|Any CPU
		{9EA6E9D8-FE4C-4FBE-A88E-BC6304CC7294}.Release|Any CPU.ActiveCfg = Release|Any CPU
		{9EA6E9D8-FE4C-4FBE-A88E-BC6304CC7294}.Release|Any CPU.Build.0 = Release|Any CPU
		{9EA6E9D8-FE4C-4FBE-A88E-BC6304CC7294}.Release|Mixed Platforms.ActiveCfg = Release|Any CPU
		{9EA6E9D8-FE4C-4FBE-A88E-BC6304CC7294}.Release|Mixed Platforms.Build.0 = Release|Any CPU
		{9EA6E9D8-FE4C-4FBE-A88E-BC6304CC7294}.Release|x64.ActiveCfg = Release|Any CPU
		{4821EE04-7FAD-420E-AFD8-ED32CA7AD174}.Debug|Any CPU.ActiveCfg = Debug|x64
		{4821EE04-7FAD-420E-AFD8-ED32CA7AD174}.Debug|Mixed Platforms.ActiveCfg = Debug|x64
		{4821EE04-7FAD-420E-AFD8-ED32CA7AD174}.Debug|Mixed Platforms.Build.0 = Debug|x64
		{4821EE04-7FAD-420E-AFD8-ED32CA7AD174}.Debug|x64.ActiveCfg = Debug|x64
		{4821EE04-7FAD-420E-AFD8-ED32CA7AD174}.Debug|x64.Build.0 = Debug|x64
		{4821EE04-7FAD-420E-AFD8-ED32CA7AD174}.Release|Any CPU.ActiveCfg = Release|x64
		{4821EE04-7FAD-420E-AFD8-ED32CA7AD174}.Release|Mixed Platforms.ActiveCfg = Release|x64
		{4821EE04-7FAD-420E-AFD8-ED32CA7AD174}.Release|Mixed Platforms.Build.0 = Release|x64
		{4821EE04-7FAD-420E-AFD8-ED32CA7AD174}.Release|x64.ActiveCfg = Release|x64
		{4821EE04-7FAD-420E-AFD8-ED32CA7AD174}.Release|x64.Build.0 = Release|x64
		{55022DC0-92D6-450F-8A2E-37ECC81A36F0}.Debug|Any CPU.ActiveCfg = Debug|Any CPU
		{55022DC0-92D6-450F-8A2E-37ECC81A36F0}.Debug|Any CPU.Build.0 = Debug|Any CPU
		{55022DC0-92D6-450F-8A2E-37ECC81A36F0}.Debug|Mixed Platforms.ActiveCfg = Debug|Any CPU
		{55022DC0-92D6-450F-8A2E-37ECC81A36F0}.Debug|Mixed Platforms.Build.0 = Debug|Any CPU
		{55022DC0-92D6-450F-8A2E-37ECC81A36F0}.Debug|x64.ActiveCfg = Debug|Any CPU
		{55022DC0-92D6-450F-8A2E-37ECC81A36F0}.Release|Any CPU.ActiveCfg = Release|Any CPU
		{55022DC0-92D6-450F-8A2E-37ECC81A36F0}.Release|Any CPU.Build.0 = Release|Any CPU
		{55022DC0-92D6-450F-8A2E-37ECC81A36F0}.Release|Mixed Platforms.ActiveCfg = Release|Any CPU
		{55022DC0-92D6-450F-8A2E-37ECC81A36F0}.Release|Mixed Platforms.Build.0 = Release|Any CPU
		{55022DC0-92D6-450F-8A2E-37ECC81A36F0}.Release|x64.ActiveCfg = Release|Any CPU
		{7A80E87A-02A9-43A5-9F19-25168A33362C}.Debug|Any CPU.ActiveCfg = Debug|x64
		{7A80E87A-02A9-43A5-9F19-25168A33362C}.Debug|Mixed Platforms.ActiveCfg = Debug|x64
		{7A80E87A-02A9-43A5-9F19-25168A33362C}.Debug|Mixed Platforms.Build.0 = Debug|x64
		{7A80E87A-02A9-43A5-9F19-25168A33362C}.Debug|x64.ActiveCfg = Debug|x64
		{7A80E87A-02A9-43A5-9F19-25168A33362C}.Debug|x64.Build.0 = Debug|x64
		{7A80E87A-02A9-43A5-9F19-25168A33362C}.Release|Any CPU.ActiveCfg = Release|x64
		{7A80E87A-02A9-43A5-9F19-25168A33362C}.Release|Mixed Platforms.ActiveCfg = Release|x64
		{7A80E87A-02A9-43A5-9F19-25168A33362C}.Release|Mixed Platforms.Build.0 = Release|x64
		{7A80E87A-02A9-43A5-9F19-25168A33362C}.Release|x64.ActiveCfg = Release|x64
		{7A80E87A-02A9-43A5-9F19-25168A33362C}.Release|x64.Build.0 = Release|x64
		{2CF2F64A-0B3E-4A7D-9D22-6DBB652067AF}.Debug|Any CPU.ActiveCfg = Debug|x64
		{2CF2F64A-0B3E-4A7D-9D22-6DBB652067AF}.Debug|Mixed Platforms.ActiveCfg = Debug|x64
		{2CF2F64A-0B3E-4A7D-9D22-6DBB652067AF}.Debug|Mixed Platforms.Build.0 = Debug|x64
		{2CF2F64A-0B3E-4A7D-9D22-6DBB652067AF}.Debug|x64.ActiveCfg = Debug|x64
		{2CF2F64A-0B3E-4A7D-9D22-6DBB652067AF}.Debug|x64.Build.0 = Debug|x64
		{2CF2F64A-0B3E-4A7D-9D22-6DBB652067AF}.Release|Any CPU.ActiveCfg = Release|x64
		{2CF2F64A-0B3E-4A7D-9D22-6DBB652067AF}.Release|Mixed Platforms.ActiveCfg = Release|x64
		{2CF2F64A-0B3E-4A7D-9D22-6DBB652067AF}.Release|Mixed Platforms.Build.0 = Release|x64
		{2CF2F64A-0B3E-4A7D-9D22-6DBB652067AF}.Release|x64.ActiveCfg = Release|x64
		{2CF2F64A-0B3E-4A7D-9D22-6DBB652067AF}.Release|x64.Build.0 = Release|x64
	EndGlobalSection
	GlobalSection(SolutionProperties) = preSolution
		HideSolutionNode = FALSE
	EndGlobalSection
	GlobalSection(NestedProjects) = preSolution
		{6110C82D-82A9-4703-A28A-862F73B22384} = {C7A15D05-48EB-415B-BB87-4982B75CCE4E}
		{7DA1B5F7-02E3-4A6E-85BF-2EC2E911162A} = {C7A15D05-48EB-415B-BB87-4982B75CCE4E}
		{C946FF73-93AC-4546-9AE9-5FEB0C446BFF} = {C7A15D05-48EB-415B-BB87-4982B75CCE4E}
		{39173C65-525A-4812-BA8F-24DE9085F2CE} = {C7A15D05-48EB-415B-BB87-4982B75CCE4E}
		{9EA6E9D8-FE4C-4FBE-A88E-BC6304CC7294} = {C7A15D05-48EB-415B-BB87-4982B75CCE4E}
		{4821EE04-7FAD-420E-AFD8-ED32CA7AD174} = {C7A15D05-48EB-415B-BB87-4982B75CCE4E}
		{55022DC0-92D6-450F-8A2E-37ECC81A36F0} = {C7A15D05-48EB-415B-BB87-4982B75CCE4E}
		{7A80E87A-02A9-43A5-9F19-25168A33362C} = {C7A15D05-48EB-415B-BB87-4982B75CCE4E}
		{2CF2F64A-0B3E-4A7D-9D22-6DBB652067AF} = {C7A15D05-48EB-415B-BB87-4982B75CCE4E}
	EndGlobalSection
EndGlobal
